// !$*UTF8*$!
{
	archiveVersion = 1;
	classes = {
	};
	objectVersion = 77;
	objects = {

/* Begin PBXContainerItemProxy section */
		6F94A5942FA6AB8600D8CE7E /* PBXContainerItemProxy */ = {
			isa = PBXContainerItemProxy;
			containerPortal = 6F94A57C2FA6AB8500D8CE7E /* Project object */;
			proxyType = 1;
			remoteGlobalIDString = 6F94A5832FA6AB8500D8CE7E;
			remoteInfo = MapEverything;
		};
		6F94A59E2FA6AB8600D8CE7E /* PBXContainerItemProxy */ = {
			isa = PBXContainerItemProxy;
			containerPortal = 6F94A57C2FA6AB8500D8CE7E /* Project object */;
			proxyType = 1;
			remoteGlobalIDString = 6F94A5832FA6AB8500D8CE7E;
			remoteInfo = MapEverything;
		};
/* End PBXContainerItemProxy section */

/* Begin PBXFileReference section */
		6F94A5842FA6AB8500D8CE7E /* MapEverything.app */ = {isa = PBXFileReference; explicitFileType = wrapper.application; includeInIndex = 0; path = MapEverything.app; sourceTree = BUILT_PRODUCTS_DIR; };
		6F94A5932FA6AB8600D8CE7E /* MapEverythingTests.xctest */ = {isa = PBXFileReference; explicitFileType = wrapper.cfbundle; includeInIndex = 0; path = MapEverythingTests.xctest; sourceTree = BUILT_PRODUCTS_DIR; };
		6F94A59D2FA6AB8600D8CE7E /* MapEverythingUITests.xctest */ = {isa = PBXFileReference; explicitFileType = wrapper.cfbundle; includeInIndex = 0; path = MapEverythingUITests.xctest; sourceTree = BUILT_PRODUCTS_DIR; };
/* End PBXFileReference section */

/* Begin PBXFileSystemSynchronizedBuildFileExceptionSet section */
		6F94A5B02FA6AB8600D8CE7E /* Exceptions for "MapEverything" folder in "MapEverything" target */ = {
			isa = PBXFileSystemSynchronizedBuildFileExceptionSet;
			membershipExceptions = (
				Info.plist,
				MapEverything.entitlements,
			);
			target = 6F94A5832FA6AB8500D8CE7E /* MapEverything */;
		};
/* End PBXFileSystemSynchronizedBuildFileExceptionSet section */

/* Begin PBXFileSystemSynchronizedRootGroup section */
		6F94A5862FA6AB8500D8CE7E /* MapEverything */ = {
			isa = PBXFileSystemSynchronizedRootGroup;
			exceptions = (
				6F94A5B02FA6AB8600D8CE7E /* Exceptions for "MapEverything" folder in "MapEverything" target */,
			);
			path = MapEverything;
			sourceTree = "<group>";
		};
		6F94A5962FA6AB8600D8CE7E /* MapEverythingTests */ = {
			isa = PBXFileSystemSynchronizedRootGroup;
			path = MapEverythingTests;
			sourceTree = "<group>";
		};
		6F94A5A02FA6AB8600D8CE7E /* MapEverythingUITests */ = {
			isa = PBXFileSystemSynchronizedRootGroup;
			path = MapEverythingUITests;
			sourceTree = "<group>";
		};
/* End PBXFileSystemSynchronizedRootGroup section */

/* Begin PBXFrameworksBuildPhase section */
		6F94A5812FA6AB8500D8CE7E /* Frameworks */ = {
			isa = PBXFrameworksBuildPhase;
			buildActionMask = 2147483647;
			files = (
			);
			runOnlyForDeploymentPostprocessing = 0;
		};
		6F94A5902FA6AB8600D8CE7E /* Frameworks */ = {
			isa = PBXFrameworksBuildPhase;
			buildActionMask = 2147483647;
			files = (
			);
			runOnlyForDeploymentPostprocessing = 0;
		};
		6F94A59A2FA6AB8600D8CE7E /* Frameworks */ = {
			isa = PBXFrameworksBuildPhase;
			buildActionMask = 2147483647;
			files = (
			);
			runOnlyForDeploymentPostprocessing = 0;
		};
/* End PBXFrameworksBuildPhase section */

/* Begin PBXGroup section */
		6F94A57B2FA6AB8500D8CE7E = {
			isa = PBXGroup;
			children = (
				6F94A5862FA6AB8500D8CE7E /* MapEverything */,
				6F94A5962FA6AB8600D8CE7E /* MapEverythingTests */,
				6F94A5A02FA6AB8600D8CE7E /* MapEverythingUITests */,
				6F94A5852FA6AB8500D8CE7E /* Products */,
			);
			sourceTree = "<group>";
		};
		6F94A5852FA6AB8500D8CE7E /* Products */ = {
			isa = PBXGroup;
			children = (
				6F94A5842FA6AB8500D8CE7E /* MapEverything.app */,
				6F94A5932FA6AB8600D8CE7E /* MapEverythingTests.xctest */,
				6F94A59D2FA6AB8600D8CE7E /* MapEverythingUITests.xctest */,
			);
			name = Products;
			sourceTree = "<group>";
		};
/* End PBXGroup section */

/* Begin PBXNativeTarget section */
		6F94A5832FA6AB8500D8CE7E /* MapEverything */ = {
			isa = PBXNativeTarget;
			buildConfigurationList = 6F94A5A72FA6AB8600D8CE7E /* Build configuration list for PBXNativeTarget "MapEverything" */;
			buildPhases = (
				6F94A5802FA6AB8500D8CE7E /* Sources */,
				6F94A5812FA6AB8500D8CE7E /* Frameworks */,
				6F94A5822FA6AB8500D8CE7E /* Resources */,
			);
			buildRules = (
			);
			dependencies = (
			);
			fileSystemSynchronizedGroups = (
				6F94A5862FA6AB8500D8CE7E /* MapEverything */,
			);
			name = MapEverything;
			packageProductDependencies = (
			);
			productName = MapEverything;
			productReference = 6F94A5842FA6AB8500D8CE7E /* MapEverything.app */;
			productType = "com.apple.product-type.application";
		};
		6F94A5922FA6AB8600D8CE7E /* MapEverythingTests */ = {
			isa = PBXNativeTarget;
			buildConfigurationList = 6F94A5AA2FA6AB8600D8CE7E /* Build configuration list for PBXNativeTarget "MapEverythingTests" */;
			buildPhases = (
				6F94A58F2FA6AB8600D8CE7E /* Sources */,
				6F94A5902FA6AB8600D8CE7E /* Frameworks */,
				6F94A5912FA6AB8600D8CE7E /* Resources */,
			);
			buildRules = (
			);
			dependencies = (
				6F94A5952FA6AB8600D8CE7E /* PBXTargetDependency */,
			);
			fileSystemSynchronizedGroups = (
				6F94A5962FA6AB8600D8CE7E /* MapEverythingTests */,
			);
			name = MapEverythingTests;
			packageProductDependencies = (
			);
			productName = MapEverythingTests;
			productReference = 6F94A5932FA6AB8600D8CE7E /* MapEverythingTests.xctest */;
			productType = "com.apple.product-type.bundle.unit-test";
		};
		6F94A59C2FA6AB8600D8CE7E /* MapEverythingUITests */ = {
			isa = PBXNativeTarget;
			buildConfigurationList = 6F94A5AD2FA6AB8600D8CE7E /* Build configuration list for PBXNativeTarget "MapEverythingUITests" */;
			buildPhases = (
				6F94A5992FA6AB8600D8CE7E /* Sources */,
				6F94A59A2FA6AB8600D8CE7E /* Frameworks */,
				6F94A59B2FA6AB8600D8CE7E /* Resources */,
			);
			buildRules = (
			);
			dependencies = (
				6F94A59F2FA6AB8600D8CE7E /* PBXTargetDependency */,
			);
			fileSystemSynchronizedGroups = (
				6F94A5A02FA6AB8600D8CE7E /* MapEverythingUITests */,
			);
			name = MapEverythingUITests;
			packageProductDependencies = (
			);
			productName = MapEverythingUITests;
			productReference = 6F94A59D2FA6AB8600D8CE7E /* MapEverythingUITests.xctest */;
			productType = "com.apple.product-type.bundle.ui-testing";
		};
/* End PBXNativeTarget section */

/* Begin PBXProject section */
		6F94A57C2FA6AB8500D8CE7E /* Project object */ = {
			isa = PBXProject;
			attributes = {
				BuildIndependentTargetsInParallel = 1;
				LastSwiftUpdateCheck = 2640;
				LastUpgradeCheck = 2640;
				TargetAttributes = {
					6F94A5832FA6AB8500D8CE7E = {
						CreatedOnToolsVersion = 26.4.1;
					};
					6F94A5922FA6AB8600D8CE7E = {
						CreatedOnToolsVersion = 26.4.1;
						TestTargetID = 6F94A5832FA6AB8500D8CE7E;
					};
					6F94A59C2FA6AB8600D8CE7E = {
						CreatedOnToolsVersion = 26.4.1;
						TestTargetID = 6F94A5832FA6AB8500D8CE7E;
					};
				};
			};
			buildConfigurationList = 6F94A57F2FA6AB8500D8CE7E /* Build configuration list for PBXProject "MapEverything" */;
			developmentRegion = en;
			hasScannedForEncodings = 0;
			knownRegions = (
				en,
				Base,
			);
			mainGroup = 6F94A57B2FA6AB8500D8CE7E;
			minimizedProjectReferenceProxies = 1;
			preferredProjectObjectVersion = 77;
			productRefGroup = 6F94A5852FA6AB8500D8CE7E /* Products */;
			projectDirPath = "";
			projectRoot = "";
			targets = (
				6F94A5832FA6AB8500D8CE7E /* MapEverything */,
				6F94A5922FA6AB8600D8CE7E /* MapEverythingTests */,
				6F94A59C2FA6AB8600D8CE7E /* MapEverythingUITests */,
			);
		};
/* End PBXProject section */

/* Begin PBXResourcesBuildPhase section */
		6F94A5822FA6AB8500D8CE7E /* Resources */ = {
			isa = PBXResourcesBuildPhase;
			buildActionMask = 2147483647;
			files = (
			);
			runOnlyForDeploymentPostprocessing = 0;
		};
		6F94A5912FA6AB8600D8CE7E /* Resources */ = {
			isa = PBXResourcesBuildPhase;
			buildActionMask = 2147483647;
			files = (
			);
			runOnlyForDeploymentPostprocessing = 0;
		};
		6F94A59B2FA6AB8600D8CE7E /* Resources */ = {
			isa = PBXResourcesBuildPhase;
			buildActionMask = 2147483647;
			files = (
			);
			runOnlyForDeploymentPostprocessing = 0;
		};
/* End PBXResourcesBuildPhase section */

/* Begin PBXSourcesBuildPhase section */
		6F94A5802FA6AB8500D8CE7E /* Sources */ = {
			isa = PBXSourcesBuildPhase;
			buildActionMask = 2147483647;
			files = (
			);
			runOnlyForDeploymentPostprocessing = 0;
		};
		6F94A58F2FA6AB8600D8CE7E /* Sources */ = {
			isa = PBXSourcesBuildPhase;
			buildActionMask = 2147483647;
			files = (
			);
			runOnlyForDeploymentPostprocessing = 0;
		};
		6F94A5992FA6AB8600D8CE7E /* Sources */ = {
			isa = PBXSourcesBuildPhase;
			buildActionMask = 2147483647;
			files = (
			);
			runOnlyForDeploymentPostprocessing = 0;
		};
/* End PBXSourcesBuildPhase section */

/* Begin PBXTargetDependency section */
		6F94A5952FA6AB8600D8CE7E /* PBXTargetDependency */ = {
			isa = PBXTargetDependency;
			target = 6F94A5832FA6AB8500D8CE7E /* MapEverything */;
			targetProxy = 6F94A5942FA6AB8600D8CE7E /* PBXContainerItemProxy */;
		};
		6F94A59F2FA6AB8600D8CE7E /* PBXTargetDependency */ = {
			isa = PBXTargetDependency;
			target = 6F94A5832FA6AB8500D8CE7E /* MapEverything */;
			targetProxy = 6F94A59E2FA6AB8600D8CE7E /* PBXContainerItemProxy */;
		};
/* End PBXTargetDependency section */

/* Begin XCBuildConfiguration section */
		6F94A5A52FA6AB8600D8CE7E /* Debug */ = {
			isa = XCBuildConfiguration;
			buildSettings = {
				ALWAYS_SEARCH_USER_PATHS = NO;
				ASSETCATALOG_COMPILER_GENERATE_SWIFT_ASSET_SYMBOL_EXTENSIONS = YES;
				CLANG_ANALYZER_NONNULL = YES;
				CLANG_ANALYZER_NUMBER_OBJECT_CONVERSION = YES_AGGRESSIVE;
				CLANG_CXX_LANGUAGE_STANDARD = "gnu++20";
				CLANG_ENABLE_MODULES = YES;
				CLANG_ENABLE_OBJC_ARC = YES;
				CLANG_ENABLE_OBJC_WEAK = YES;
				CLANG_WARN_BLOCK_CAPTURE_AUTORELEASING = YES;
				CLANG_WARN_BOOL_CONVERSION = YES;
				CLANG_WARN_COMMA = YES;
				CLANG_WARN_CONSTANT_CONVERSION = YES;
				CLANG_WARN_DEPRECATED_OBJC_IMPLEMENTATIONS = YES;
				CLANG_WARN_DIRECT_OBJC_ISA_USAGE = YES_ERROR;
				CLANG_WARN_DOCUMENTATION_COMMENTS = YES;
				CLANG_WARN_EMPTY_BODY = YES;
				CLANG_WARN_ENUM_CONVERSION = YES;
				CLANG_WARN_INFINITE_RECURSION = YES;
				CLANG_WARN_INT_CONVERSION = YES;
				CLANG_WARN_NON_LITERAL_NULL_CONVERSION = YES;
				CLANG_WARN_OBJC_IMPLICIT_RETAIN_SELF = YES;
				CLANG_WARN_OBJC_LITERAL_CONVERSION = YES;
				CLANG_WARN_OBJC_ROOT_CLASS = YES_ERROR;
				CLANG_WARN_QUOTED_INCLUDE_IN_FRAMEWORK_HEADER = YES;
				CLANG_WARN_RANGE_LOOP_ANALYSIS = YES;
				CLANG_WARN_STRICT_PROTOTYPES = YES;
				CLANG_WARN_SUSPICIOUS_MOVE = YES;
				CLANG_WARN_UNGUARDED_AVAILABILITY = YES_AGGRESSIVE;
				CLANG_WARN_UNREACHABLE_CODE = YES;
				CLANG_WARN__DUPLICATE_METHOD_MATCH = YES;
				COPY_PHASE_STRIP = NO;
				DEBUG_INFORMATION_FORMAT = dwarf;
				ENABLE_STRICT_OBJC_MSGSEND = YES;
				ENABLE_TESTABILITY = YES;
				ENABLE_USER_SCRIPT_SANDBOXING = YES;
				GCC_C_LANGUAGE_STANDARD = gnu17;
				GCC_DYNAMIC_NO_PIC = NO;
				GCC_NO_COMMON_BLOCKS = YES;
				GCC_OPTIMIZATION_LEVEL = 0;
				GCC_PREPROCESSOR_DEFINITIONS = (
					"DEBUG=1",
					"$(inherited)",
				);
				GCC_WARN_64_TO_32_BIT_CONVERSION = YES;
				GCC_WARN_ABOUT_RETURN_TYPE = YES_ERROR;
				GCC_WARN_UNDECLARED_SELECTOR = YES;
				GCC_WARN_UNINITIALIZED_AUTOS = YES_AGGRESSIVE;
				GCC_WARN_UNUSED_FUNCTION = YES;
				GCC_WARN_UNUSED_VARIABLE = YES;
				IPHONEOS_DEPLOYMENT_TARGET = 26.4;
				LOCALIZATION_PREFERS_STRING_CATALOGS = YES;
				MTL_ENABLE_DEBUG_INFO = INCLUDE_SOURCE;
				MTL_FAST_MATH = YES;
				ONLY_ACTIVE_ARCH = YES;
				SDKROOT = iphoneos;
				SWIFT_ACTIVE_COMPILATION_CONDITIONS = "DEBUG $(inherited)";
				SWIFT_OPTIMIZATION_LEVEL = "-Onone";
			};
			name = Debug;
		};
		6F94A5A62FA6AB8600D8CE7E /* Release */ = {
			isa = XCBuildConfiguration;
			buildSettings = {
				ALWAYS_SEARCH_USER_PATHS = NO;
				ASSETCATALOG_COMPILER_GENERATE_SWIFT_ASSET_SYMBOL_EXTENSIONS = YES;
				CLANG_ANALYZER_NONNULL = YES;
				CLANG_ANALYZER_NUMBER_OBJECT_CONVERSION = YES_AGGRESSIVE;
				CLANG_CXX_LANGUAGE_STANDARD = "gnu++20";
				CLANG_ENABLE_MODULES = YES;
				CLANG_ENABLE_OBJC_ARC = YES;
				CLANG_ENABLE_OBJC_WEAK = YES;
				CLANG_WARN_BLOCK_CAPTURE_AUTORELEASING = YES;
				CLANG_WARN_BOOL_CONVERSION = YES;
				CLANG_WARN_COMMA = YES;
				CLANG_WARN_CONSTANT_CONVERSION = YES;
				CLANG_WARN_DEPRECATED_OBJC_IMPLEMENTATIONS = YES;
				CLANG_WARN_DIRECT_OBJC_ISA_USAGE = YES_ERROR;
				CLANG_WARN_DOCUMENTATION_COMMENTS = YES;
				CLANG_WARN_EMPTY_BODY = YES;
				CLANG_WARN_ENUM_CONVERSION = YES;
				CLANG_WARN_INFINITE_RECURSION = YES;
				CLANG_WARN_INT_CONVERSION = YES;
				CLANG_WARN_NON_LITERAL_NULL_CONVERSION = YES;
				CLANG_WARN_OBJC_IMPLICIT_RETAIN_SELF = YES;
				CLANG_WARN_OBJC_LITERAL_CONVERSION = YES;
				CLANG_WARN_OBJC_ROOT_CLASS = YES_ERROR;
				CLANG_WARN_QUOTED_INCLUDE_IN_FRAMEWORK_HEADER = YES;
				CLANG_WARN_RANGE_LOOP_ANALYSIS = YES;
				CLANG_WARN_STRICT_PROTOTYPES = YES;
				CLANG_WARN_SUSPICIOUS_MOVE = YES;
				CLANG_WARN_UNGUARDED_AVAILABILITY = YES_AGGRESSIVE;
				CLANG_WARN_UNREACHABLE_CODE = YES;
				CLANG_WARN__DUPLICATE_METHOD_MATCH = YES;
				COPY_PHASE_STRIP = NO;
				DEBUG_INFORMATION_FORMAT = "dwarf-with-dsym";
				ENABLE_NS_ASSERTIONS = NO;
				ENABLE_STRICT_OBJC_MSGSEND = YES;
				ENABLE_USER_SCRIPT_SANDBOXING = YES;
				GCC_C_LANGUAGE_STANDARD = gnu17;
				GCC_NO_COMMON_BLOCKS = YES;
				GCC_WARN_64_TO_32_BIT_CONVERSION = YES;
				GCC_WARN_ABOUT_RETURN_TYPE = YES_ERROR;
				GCC_WARN_UNDECLARED_SELECTOR = YES;
				GCC_WARN_UNINITIALIZED_AUTOS = YES_AGGRESSIVE;
				GCC_WARN_UNUSED_FUNCTION = YES;
				GCC_WARN_UNUSED_VARIABLE = YES;
				IPHONEOS_DEPLOYMENT_TARGET = 26.4;
				LOCALIZATION_PREFERS_STRING_CATALOGS = YES;
				MTL_ENABLE_DEBUG_INFO = NO;
				MTL_FAST_MATH = YES;
				SDKROOT = iphoneos;
				SWIFT_COMPILATION_MODE = wholemodule;
				VALIDATE_PRODUCT = YES;
			};
			name = Release;
		};
		6F94A5A82FA6AB8600D8CE7E /* Debug */ = {
			isa = XCBuildConfiguration;
			buildSettings = {
				ASSETCATALOG_COMPILER_APPICON_NAME = AppIcon;
				ASSETCATALOG_COMPILER_GLOBAL_ACCENT_COLOR_NAME = AccentColor;
				CODE_SIGN_ENTITLEMENTS = MapEverything/MapEverything.entitlements;
				CODE_SIGN_STYLE = Automatic;
				CURRENT_PROJECT_VERSION = 1;
				DEVELOPMENT_TEAM = 4D5JPBFXSA;
				ENABLE_PREVIEWS = YES;
				GENERATE_INFOPLIST_FILE = NO;
				INFOPLIST_FILE = MapEverything/Info.plist;
				LD_RUNPATH_SEARCH_PATHS = (
					"$(inherited)",
					"@executable_path/Frameworks",
				);
				MARKETING_VERSION = 1.0;
				PRODUCT_BUNDLE_IDENTIFIER = com.salsicha.MapEverything;
				PRODUCT_NAME = "$(TARGET_NAME)";
				STRING_CATALOG_GENERATE_SYMBOLS = YES;
				SWIFT_APPROACHABLE_CONCURRENCY = YES;
				SWIFT_DEFAULT_ACTOR_ISOLATION = MainActor;
				SWIFT_EMIT_LOC_STRINGS = YES;
				SWIFT_UPCOMING_FEATURE_MEMBER_IMPORT_VISIBILITY = YES;
				SWIFT_VERSION = 5.0;
				TARGETED_DEVICE_FAMILY = "1,2";
			};
			name = Debug;
		};
		6F94A5A92FA6AB8600D8CE7E /* Release */ = {
			isa = XCBuildConfiguration;
			buildSettings = {
				ASSETCATALOG_COMPILER_APPICON_NAME = AppIcon;
				ASSETCATALOG_COMPILER_GLOBAL_ACCENT_COLOR_NAME = AccentColor;
				CODE_SIGN_ENTITLEMENTS = MapEverything/MapEverything.entitlements;
				CODE_SIGN_STYLE = Automatic;
				CURRENT_PROJECT_VERSION = 1;
				DEVELOPMENT_TEAM = 4D5JPBFXSA;
				ENABLE_PREVIEWS = YES;
				GENERATE_INFOPLIST_FILE = NO;
				INFOPLIST_FILE = MapEverything/Info.plist;
				LD_RUNPATH_SEARCH_PATHS = (
					"$(inherited)",
					"@executable_path/Frameworks",
				);
				MARKETING_VERSION = 1.0;
				PRODUCT_BUNDLE_IDENTIFIER = com.salsicha.MapEverything;
				PRODUCT_NAME = "$(TARGET_NAME)";
				STRING_CATALOG_GENERATE_SYMBOLS = YES;
				SWIFT_APPROACHABLE_CONCURRENCY = YES;
				SWIFT_DEFAULT_ACTOR_ISOLATION = MainActor;
				SWIFT_EMIT_LOC_STRINGS = YES;
				SWIFT_UPCOMING_FEATURE_MEMBER_IMPORT_VISIBILITY = YES;
				SWIFT_VERSION = 5.0;
				TARGETED_DEVICE_FAMILY = "1,2";
			};
			name = Release;
		};
		6F94A5AB2FA6AB8600D8CE7E /* Debug */ = {
			isa = XCBuildConfiguration;
			buildSettings = {
				BUNDLE_LOADER = "$(TEST_HOST)";
				CODE_SIGN_STYLE = Automatic;
				CURRENT_PROJECT_VERSION = 1;
				DEVELOPMENT_TEAM = 4D5JPBFXSA;
				GENERATE_INFOPLIST_FILE = YES;
				IPHONEOS_DEPLOYMENT_TARGET = 26.4;
				MARKETING_VERSION = 1.0;
				PRODUCT_BUNDLE_IDENTIFIER = com.salsicha.MapEverythingTests;
				PRODUCT_NAME = "$(TARGET_NAME)";
				STRING_CATALOG_GENERATE_SYMBOLS = NO;
				SWIFT_APPROACHABLE_CONCURRENCY = YES;
				SWIFT_EMIT_LOC_STRINGS = NO;
				SWIFT_UPCOMING_FEATURE_MEMBER_IMPORT_VISIBILITY = YES;
				SWIFT_VERSION = 5.0;
				TARGETED_DEVICE_FAMILY = "1,2";
				TEST_HOST = "$(BUILT_PRODUCTS_DIR)/MapEverything.app/$(BUNDLE_EXECUTABLE_FOLDER_PATH)/MapEverything";
			};
			name = Debug;
		};
		6F94A5AC2FA6AB8600D8CE7E /* Release */ = {
			isa = XCBuildConfiguration;
			buildSettings = {
				BUNDLE_LOADER = "$(TEST_HOST)";
				CODE_SIGN_STYLE = Automatic;
				CURRENT_PROJECT_VERSION = 1;
				DEVELOPMENT_TEAM = 4D5JPBFXSA;
				GENERATE_INFOPLIST_FILE = YES;
				IPHONEOS_DEPLOYMENT_TARGET = 26.4;
				MARKETING_VERSION = 1.0;
				PRODUCT_BUNDLE_IDENTIFIER = com.salsicha.MapEverythingTests;
				PRODUCT_NAME = "$(TARGET_NAME)";
				STRING_CATALOG_GENERATE_SYMBOLS = NO;
				SWIFT_APPROACHABLE_CONCURRENCY = YES;
				SWIFT_EMIT_LOC_STRINGS = NO;
				SWIFT_UPCOMING_FEATURE_MEMBER_IMPORT_VISIBILITY = YES;
				SWIFT_VERSION = 5.0;
				TARGETED_DEVICE_FAMILY = "1,2";
				TEST_HOST = "$(BUILT_PRODUCTS_DIR)/MapEverything.app/$(BUNDLE_EXECUTABLE_FOLDER_PATH)/MapEverything";
			};
			name = Release;
		};
		6F94A5AE2FA6AB8600D8CE7E /* Debug */ = {
			isa = XCBuildConfiguration;
			buildSettings = {
				CODE_SIGN_STYLE = Automatic;
				CURRENT_PROJECT_VERSION = 1;
				DEVELOPMENT_TEAM = 4D5JPBFXSA;
				GENERATE_INFOPLIST_FILE = YES;
				MARKETING_VERSION = 1.0;
				PRODUCT_BUNDLE_IDENTIFIER = com.salsicha.MapEverythingUITests;
				PRODUCT_NAME = "$(TARGET_NAME)";
				STRING_CATALOG_GENERATE_SYMBOLS = NO;
				SWIFT_APPROACHABLE_CONCURRENCY = YES;
				SWIFT_EMIT_LOC_STRINGS = NO;
				SWIFT_UPCOMING_FEATURE_MEMBER_IMPORT_VISIBILITY = YES;
				SWIFT_VERSION = 5.0;
				TARGETED_DEVICE_FAMILY = "1,2";
				TEST_TARGET_NAME = MapEverything;
			};
			name = Debug;
		};
		6F94A5AF2FA6AB8600D8CE7E /* Release */ = {
			isa = XCBuildConfiguration;
			buildSettings = {
				CODE_SIGN_STYLE = Automatic;
				CURRENT_PROJECT_VERSION = 1;
				DEVELOPMENT_TEAM = 4D5JPBFXSA;
				GENERATE_INFOPLIST_FILE = YES;
				MARKETING_VERSION = 1.0;
				PRODUCT_BUNDLE_IDENTIFIER = com.salsicha.MapEverythingUITests;
				PRODUCT_NAME = "$(TARGET_NAME)";
				STRING_CATALOG_GENERATE_SYMBOLS = NO;
				SWIFT_APPROACHABLE_CONCURRENCY = YES;
				SWIFT_EMIT_LOC_STRINGS = NO;
				SWIFT_UPCOMING_FEATURE_MEMBER_IMPORT_VISIBILITY = YES;
				SWIFT_VERSION = 5.0;
				TARGETED_DEVICE_FAMILY = "1,2";
				TEST_TARGET_NAME = MapEverything;
			};
			name = Release;
		};
/* End XCBuildConfiguration section */

/* Begin XCConfigurationList section */
		6F94A57F2FA6AB8500D8CE7E /* Build configuration list for PBXProject "MapEverything" */ = {
			isa = XCConfigurationList;
			buildConfigurations = (
				6F94A5A52FA6AB8600D8CE7E /* Debug */,
				6F94A5A62FA6AB8600D8CE7E /* Release */,
			);
			defaultConfigurationIsVisible = 0;
			defaultConfigurationName = Release;
		};
		6F94A5A72FA6AB8600D8CE7E /* Build configuration list for PBXNativeTarget "MapEverything" */ = {
			isa = XCConfigurationList;
			buildConfigurations = (
				6F94A5A82FA6AB8600D8CE7E /* Debug */,
				6F94A5A92FA6AB8600D8CE7E /* Release */,
			);
			defaultConfigurationIsVisible = 0;
			defaultConfigurationName = Release;
		};
		6F94A5AA2FA6AB8600D8CE7E /* Build configuration list for PBXNativeTarget "MapEverythingTests" */ = {
			isa = XCConfigurationList;
			buildConfigurations = (
				6F94A5AB2FA6AB8600D8CE7E /* Debug */,
				6F94A5AC2FA6AB8600D8CE7E /* Release */,
			);
			defaultConfigurationIsVisible = 0;
			defaultConfigurationName = Release;
		};
		6F94A5AD2FA6AB8600D8CE7E /* Build configuration list for PBXNativeTarget "MapEverythingUITests" */ = {
			isa = XCConfigurationList;
			buildConfigurations = (
				6F94A5AE2FA6AB8600D8CE7E /* Debug */,
				6F94A5AF2FA6AB8600D8CE7E /* Release */,
			);
			defaultConfigurationIsVisible = 0;
			defaultConfigurationName = Release;
		};
/* End XCConfigurationList section */
	};
	rootObject = 6F94A57C2FA6AB8500D8CE7E /* Project object */;
}
